
Microsoft Visual Studio Solution File, Format Version 12.00
# Visual Studio Version 17
VisualStudioVersion = 17.0.32014.148
MinimumVisualStudioVersion = 10.0.40219.1
Project("{FAE04EC0-301F-11D3-BF4B-00C04F79EFBC}") = "CourseWorkAd", "CourseWorkAd\CourseWorkAd.csproj", "{F28559BF-DBB2-469A-B73E-74BF4AB7040D}"
EndProject
Global
	GlobalSection(SolutionConfigurationPlatforms) = preSolution
		Debug|Any CPU = Debug|Any CPU
		Release|Any CPU = Release|Any CPU
	EndGlobalSection
	GlobalSection(ProjectConfigurationPlatforms) = postSolution
		{F28559BF-DBB2-469A-B73E-74BF4AB7040D}.Debug|Any CPU.ActiveCfg = Debug|Any CPU
		{F28559BF-DBB2-469A-B73E-74BF4AB7040D}.Debug|Any CPU.Build.0 = Debug|Any CPU
		{F28559BF-DBB2-469A-B73E-74BF4AB7040D}.Release|Any CPU.ActiveCfg = Release|Any CPU
		{F28559BF-DBB2-469A-B73E-74BF4AB7040D}.Release|Any CPU.Build.0 = Release|Any CPU
	EndGlobalSection
	GlobalSection(SolutionProperties) = preSolution
		HideSolutionNode = FALSE
	EndGlobalSection
	GlobalSection(ExtensibilityGlobals) = postSolution
		SolutionGuid = {D94C4BC8-089D-43F4-A985-2377807E81FB}
	EndGlobalSection
EndGlobal
